
Microsoft Visual Studio Solution File, Format Version 12.00
# Visual Studio Version 17
VisualStudioVersion = 17.0.31903.59
MinimumVisualStudioVersion = 10.0.40219.1
Project("{2150E333-8FDC-42A3-9474-1A3956D46DE8}") = "src", "src", "{827E0CD3-B72D-47B6-A68D-7590B98EB39B}"
EndProject
Project("{FAE04EC0-301F-11D3-BF4B-00C04F79EFBC}") = "Sophiac.Domain", "src\Sophiac.Domain\Sophiac.Domain.csproj", "{D9804ED2-038B-486D-B9F3-E0EE8BBE885B}"
EndProject
Project("{FAE04EC0-301F-11D3-BF4B-00C04F79EFBC}") = "Sophiac.Application", "src\Sophiac.Application\Sophiac.Application.csproj", "{310D4046-C83B-49B1-BF2D-3D789392B1FE}"
EndProject
Project("{FAE04EC0-301F-11D3-BF4B-00C04F79EFBC}") = "Sophiac.Infrastructure", "src\Sophiac.Infrastructure\Sophiac.Infrastructure.csproj", "{28B1E129-FC51-4698-9C66-FC02B0584268}"
EndProject
Project("{FAE04EC0-301F-11D3-BF4B-00C04F79EFBC}") = "Sophiac.UI", "src\Sophiac.UI\Sophiac.UI.csproj", "{6F4B79F5-9269-4B78-A55E-442F2DC863ED}"
EndProject
Project("{2150E333-8FDC-42A3-9474-1A3956D46DE8}") = "tests", "tests", "{0AB3BF05-4346-4AA6-1389-037BE0695223}"
EndProject
Project("{FAE04EC0-301F-11D3-BF4B-00C04F79EFBC}") = "Sophiac.Domain.UnitTests", "tests\Sophiac.Domain.UnitTests\Sophiac.Domain.UnitTests.csproj", "{E5004266-8681-4D6A-A28B-B205A9079B90}"
EndProject
Project("{FAE04EC0-301F-11D3-BF4B-00C04F79EFBC}") = "Sophiac.Domain.IntegrationTests", "tests\Sophiac.Domain.IntegrationTests\Sophiac.Domain.IntegrationTests.csproj", "{59234E5D-D83E-4E24-A29D-6F0C808450A8}"
EndProject
Global
	GlobalSection(SolutionConfigurationPlatforms) = preSolution
		Debug|Any CPU = Debug|Any CPU
		Debug|x64 = Debug|x64
		Debug|x86 = Debug|x86
		Release|Any CPU = Release|Any CPU
		Release|x64 = Release|x64
		Release|x86 = Release|x86
	EndGlobalSection
	GlobalSection(ProjectConfigurationPlatforms) = postSolution
		{D9804ED2-038B-486D-B9F3-E0EE8BBE885B}.Debug|Any CPU.ActiveCfg = Debug|Any CPU
		{D9804ED2-038B-486D-B9F3-E0EE8BBE885B}.Debug|Any CPU.Build.0 = Debug|Any CPU
		{D9804ED2-038B-486D-B9F3-E0EE8BBE885B}.Debug|x64.ActiveCfg = Debug|Any CPU
		{D9804ED2-038B-486D-B9F3-E0EE8BBE885B}.Debug|x64.Build.0 = Debug|Any CPU
		{D9804ED2-038B-486D-B9F3-E0EE8BBE885B}.Debug|x86.ActiveCfg = Debug|Any CPU
		{D9804ED2-038B-486D-B9F3-E0EE8BBE885B}.Debug|x86.Build.0 = Debug|Any CPU
		{D9804ED2-038B-486D-B9F3-E0EE8BBE885B}.Release|Any CPU.ActiveCfg = Release|Any CPU
		{D9804ED2-038B-486D-B9F3-E0EE8BBE885B}.Release|Any CPU.Build.0 = Release|Any CPU
		{D9804ED2-038B-486D-B9F3-E0EE8BBE885B}.Release|x64.ActiveCfg = Release|Any CPU
		{D9804ED2-038B-486D-B9F3-E0EE8BBE885B}.Release|x64.Build.0 = Release|Any CPU
		{D9804ED2-038B-486D-B9F3-E0EE8BBE885B}.Release|x86.ActiveCfg = Release|Any CPU
		{D9804ED2-038B-486D-B9F3-E0EE8BBE885B}.Release|x86.Build.0 = Release|Any CPU
		{310D4046-C83B-49B1-BF2D-3D789392B1FE}.Debug|Any CPU.ActiveCfg = Debug|Any CPU
		{310D4046-C83B-49B1-BF2D-3D789392B1FE}.Debug|Any CPU.Build.0 = Debug|Any CPU
		{310D4046-C83B-49B1-BF2D-3D789392B1FE}.Debug|x64.ActiveCfg = Debug|Any CPU
		{310D4046-C83B-49B1-BF2D-3D789392B1FE}.Debug|x64.Build.0 = Debug|Any CPU
		{310D4046-C83B-49B1-BF2D-3D789392B1FE}.Debug|x86.ActiveCfg = Debug|Any CPU
		{310D4046-C83B-49B1-BF2D-3D789392B1FE}.Debug|x86.Build.0 = Debug|Any CPU
		{310D4046-C83B-49B1-BF2D-3D789392B1FE}.Release|Any CPU.ActiveCfg = Release|Any CPU
		{310D4046-C83B-49B1-BF2D-3D789392B1FE}.Release|Any CPU.Build.0 = Release|Any CPU
		{310D4046-C83B-49B1-BF2D-3D789392B1FE}.Release|x64.ActiveCfg = Release|Any CPU
		{310D4046-C83B-49B1-BF2D-3D789392B1FE}.Release|x64.Build.0 = Release|Any CPU
		{310D4046-C83B-49B1-BF2D-3D789392B1FE}.Release|x86.ActiveCfg = Release|Any CPU
		{310D4046-C83B-49B1-BF2D-3D789392B1FE}.Release|x86.Build.0 = Release|Any CPU
		{28B1E129-FC51-4698-9C66-FC02B0584268}.Debug|Any CPU.ActiveCfg = Debug|Any CPU
		{28B1E129-FC51-4698-9C66-FC02B0584268}.Debug|Any CPU.Build.0 = Debug|Any CPU
		{28B1E129-FC51-4698-9C66-FC02B0584268}.Debug|x64.ActiveCfg = Debug|Any CPU
		{28B1E129-FC51-4698-9C66-FC02B0584268}.Debug|x64.Build.0 = Debug|Any CPU
		{28B1E129-FC51-4698-9C66-FC02B0584268}.Debug|x86.ActiveCfg = Debug|Any CPU
		{28B1E129-FC51-4698-9C66-FC02B0584268}.Debug|x86.Build.0 = Debug|Any CPU
		{28B1E129-FC51-4698-9C66-FC02B0584268}.Release|Any CPU.ActiveCfg = Release|Any CPU
		{28B1E129-FC51-4698-9C66-FC02B0584268}.Release|Any CPU.Build.0 = Release|Any CPU
		{28B1E129-FC51-4698-9C66-FC02B0584268}.Release|x64.ActiveCfg = Release|Any CPU
		{28B1E129-FC51-4698-9C66-FC02B0584268}.Release|x64.Build.0 = Release|Any CPU
		{28B1E129-FC51-4698-9C66-FC02B0584268}.Release|x86.ActiveCfg = Release|Any CPU
		{28B1E129-FC51-4698-9C66-FC02B0584268}.Release|x86.Build.0 = Release|Any CPU
		{6F4B79F5-9269-4B78-A55E-442F2DC863ED}.Debug|Any CPU.ActiveCfg = Debug|Any CPU
		{6F4B79F5-9269-4B78-A55E-442F2DC863ED}.Debug|Any CPU.Build.0 = Debug|Any CPU
		{6F4B79F5-9269-4B78-A55E-442F2DC863ED}.Debug|x64.ActiveCfg = Debug|Any CPU
		{6F4B79F5-9269-4B78-A55E-442F2DC863ED}.Debug|x64.Build.0 = Debug|Any CPU
		{6F4B79F5-9269-4B78-A55E-442F2DC863ED}.Debug|x86.ActiveCfg = Debug|Any CPU
		{6F4B79F5-9269-4B78-A55E-442F2DC863ED}.Debug|x86.Build.0 = Debug|Any CPU
		{6F4B79F5-9269-4B78-A55E-442F2DC863ED}.Release|Any CPU.ActiveCfg = Release|Any CPU
		{6F4B79F5-9269-4B78-A55E-442F2DC863ED}.Release|Any CPU.Build.0 = Release|Any CPU
		{6F4B79F5-9269-4B78-A55E-442F2DC863ED}.Release|x64.ActiveCfg = Release|Any CPU
		{6F4B79F5-9269-4B78-A55E-442F2DC863ED}.Release|x64.Build.0 = Release|Any CPU
		{6F4B79F5-9269-4B78-A55E-442F2DC863ED}.Release|x86.ActiveCfg = Release|Any CPU
		{6F4B79F5-9269-4B78-A55E-442F2DC863ED}.Release|x86.Build.0 = Release|Any CPU
		{E5004266-8681-4D6A-A28B-B205A9079B90}.Debug|Any CPU.ActiveCfg = Debug|Any CPU
		{E5004266-8681-4D6A-A28B-B205A9079B90}.Debug|Any CPU.Build.0 = Debug|Any CPU
		{E5004266-8681-4D6A-A28B-B205A9079B90}.Debug|x64.ActiveCfg = Debug|Any CPU
		{E5004266-8681-4D6A-A28B-B205A9079B90}.Debug|x64.Build.0 = Debug|Any CPU
		{E5004266-8681-4D6A-A28B-B205A9079B90}.Debug|x86.ActiveCfg = Debug|Any CPU
		{E5004266-8681-4D6A-A28B-B205A9079B90}.Debug|x86.Build.0 = Debug|Any CPU
		{E5004266-8681-4D6A-A28B-B205A9079B90}.Release|Any CPU.ActiveCfg = Release|Any CPU
		{E5004266-8681-4D6A-A28B-B205A9079B90}.Release|Any CPU.Build.0 = Release|Any CPU
		{E5004266-8681-4D6A-A28B-B205A9079B90}.Release|x64.ActiveCfg = Release|Any CPU
		{E5004266-8681-4D6A-A28B-B205A9079B90}.Release|x64.Build.0 = Release|Any CPU
		{E5004266-8681-4D6A-A28B-B205A9079B90}.Release|x86.ActiveCfg = Release|Any CPU
		{E5004266-8681-4D6A-A28B-B205A9079B90}.Release|x86.Build.0 = Release|Any CPU
		{59234E5D-D83E-4E24-A29D-6F0C808450A8}.Debug|Any CPU.ActiveCfg = Debug|Any CPU
		{59234E5D-D83E-4E24-A29D-6F0C808450A8}.Debug|Any CPU.Build.0 = Debug|Any CPU
		{59234E5D-D83E-4E24-A29D-6F0C808450A8}.Debug|x64.ActiveCfg = Debug|Any CPU
		{59234E5D-D83E-4E24-A29D-6F0C808450A8}.Debug|x64.Build.0 = Debug|Any CPU
		{59234E5D-D83E-4E24-A29D-6F0C808450A8}.Debug|x86.ActiveCfg = Debug|Any CPU
		{59234E5D-D83E-4E24-A29D-6F0C808450A8}.Debug|x86.Build.0 = Debug|Any CPU
		{59234E5D-D83E-4E24-A29D-6F0C808450A8}.Release|Any CPU.ActiveCfg = Release|Any CPU
		{59234E5D-D83E-4E24-A29D-6F0C808450A8}.Release|Any CPU.Build.0 = Release|Any CPU
		{59234E5D-D83E-4E24-A29D-6F0C808450A8}.Release|x64.ActiveCfg = Release|Any CPU
		{59234E5D-D83E-4E24-A29D-6F0C808450A8}.Release|x64.Build.0 = Release|Any CPU
		{59234E5D-D83E-4E24-A29D-6F0C808450A8}.Release|x86.ActiveCfg = Release|Any CPU
		{59234E5D-D83E-4E24-A29D-6F0C808450A8}.Release|x86.Build.0 = Release|Any CPU
	EndGlobalSection
	GlobalSection(SolutionProperties) = preSolution
		HideSolutionNode = FALSE
	EndGlobalSection
	GlobalSection(NestedProjects) = preSolution
		{D9804ED2-038B-486D-B9F3-E0EE8BBE885B} = {827E0CD3-B72D-47B6-A68D-7590B98EB39B}
		{310D4046-C83B-49B1-BF2D-3D789392B1FE} = {827E0CD3-B72D-47B6-A68D-7590B98EB39B}
		{28B1E129-FC51-4698-9C66-FC02B0584268} = {827E0CD3-B72D-47B6-A68D-7590B98EB39B}
		{6F4B79F5-9269-4B78-A55E-442F2DC863ED} = {827E0CD3-B72D-47B6-A68D-7590B98EB39B}
		{E5004266-8681-4D6A-A28B-B205A9079B90} = {0AB3BF05-4346-4AA6-1389-037BE0695223}
		{59234E5D-D83E-4E24-A29D-6F0C808450A8} = {0AB3BF05-4346-4AA6-1389-037BE0695223}
	EndGlobalSection
EndGlobal
